
Microsoft Visual Studio Solution File, Format Version 12.00
# Visual Studio Version 17
VisualStudioVersion = 17.7.34031.279
MinimumVisualStudioVersion = 10.0.40219.1
Project("{FAE04EC0-301F-11D3-BF4B-00C04F79EFBC}") = "RegularExamOOP", "RegularExamOOP\RegularExamOOP.csproj", "{29D23668-64F1-41E9-8F69-2012DD7BC89E}"
EndProject
Global
	GlobalSection(SolutionConfigurationPlatforms) = preSolution
		Debug|Any CPU = Debug|Any CPU
		Release|Any CPU = Release|Any CPU
	EndGlobalSection
	GlobalSection(ProjectConfigurationPlatforms) = postSolution
		{29D23668-64F1-41E9-8F69-2012DD7BC89E}.Debug|Any CPU.ActiveCfg = Debug|Any CPU
		{29D23668-64F1-41E9-8F69-2012DD7BC89E}.Debug|Any CPU.Build.0 = Debug|Any CPU
		{29D23668-64F1-41E9-8F69-2012DD7BC89E}.Release|Any CPU.ActiveCfg = Release|Any CPU
		{29D23668-64F1-41E9-8F69-2012DD7BC89E}.Release|Any CPU.Build.0 = Release|Any CPU
	EndGlobalSection
	GlobalSection(SolutionProperties) = preSolution
		HideSolutionNode = FALSE
	EndGlobalSection
	GlobalSection(ExtensibilityGlobals) = postSolution
		SolutionGuid = {638348FD-D34C-4E22-A96E-8F3562A8D805}
	EndGlobalSection
EndGlobal
